
Microsoft Visual Studio Solution File, Format Version 12.00
# Visual Studio Version 17
VisualStudioVersion = 17.0.31903.59
MinimumVisualStudioVersion = 10.0.40219.1
Project("{FAE04EC0-301F-11D3-BF4B-00C04F79EFBC}") = "API", "API\API.csproj", "{E12A3660-01FF-4F22-8875-45DEEB6D819B}"
EndProject
Project("{FAE04EC0-301F-11D3-BF4B-00C04F79EFBC}") = "Application", "Application\Application.csproj", "{F5EBFF45-BC6E-4F10-947D-06B2E259BC96}"
EndProject
Project("{FAE04EC0-301F-11D3-BF4B-00C04F79EFBC}") = "Domain", "Domain\Domain.csproj", "{7CF0AAAE-EE7F-4791-8633-21EC5F7BBDEA}"
EndProject
Project("{FAE04EC0-301F-11D3-BF4B-00C04F79EFBC}") = "Persistence", "Persistence\Persistence.csproj", "{BAD8D5C6-D710-4751-8E1B-3A2CCE268366}"
EndProject
Global
	GlobalSection(SolutionConfigurationPlatforms) = preSolution
		Debug|Any CPU = Debug|Any CPU
		Release|Any CPU = Release|Any CPU
	EndGlobalSection
	GlobalSection(SolutionProperties) = preSolution
		HideSolutionNode = FALSE
	EndGlobalSection
	GlobalSection(ProjectConfigurationPlatforms) = postSolution
		{E12A3660-01FF-4F22-8875-45DEEB6D819B}.Debug|Any CPU.ActiveCfg = Debug|Any CPU
		{E12A3660-01FF-4F22-8875-45DEEB6D819B}.Debug|Any CPU.Build.0 = Debug|Any CPU
		{E12A3660-01FF-4F22-8875-45DEEB6D819B}.Release|Any CPU.ActiveCfg = Release|Any CPU
		{E12A3660-01FF-4F22-8875-45DEEB6D819B}.Release|Any CPU.Build.0 = Release|Any CPU
		{F5EBFF45-BC6E-4F10-947D-06B2E259BC96}.Debug|Any CPU.ActiveCfg = Debug|Any CPU
		{F5EBFF45-BC6E-4F10-947D-06B2E259BC96}.Debug|Any CPU.Build.0 = Debug|Any CPU
		{F5EBFF45-BC6E-4F10-947D-06B2E259BC96}.Release|Any CPU.ActiveCfg = Release|Any CPU
		{F5EBFF45-BC6E-4F10-947D-06B2E259BC96}.Release|Any CPU.Build.0 = Release|Any CPU
		{7CF0AAAE-EE7F-4791-8633-21EC5F7BBDEA}.Debug|Any CPU.ActiveCfg = Debug|Any CPU
		{7CF0AAAE-EE7F-4791-8633-21EC5F7BBDEA}.Debug|Any CPU.Build.0 = Debug|Any CPU
		{7CF0AAAE-EE7F-4791-8633-21EC5F7BBDEA}.Release|Any CPU.ActiveCfg = Release|Any CPU
		{7CF0AAAE-EE7F-4791-8633-21EC5F7BBDEA}.Release|Any CPU.Build.0 = Release|Any CPU
		{BAD8D5C6-D710-4751-8E1B-3A2CCE268366}.Debug|Any CPU.ActiveCfg = Debug|Any CPU
		{BAD8D5C6-D710-4751-8E1B-3A2CCE268366}.Debug|Any CPU.Build.0 = Debug|Any CPU
		{BAD8D5C6-D710-4751-8E1B-3A2CCE268366}.Release|Any CPU.ActiveCfg = Release|Any CPU
		{BAD8D5C6-D710-4751-8E1B-3A2CCE268366}.Release|Any CPU.Build.0 = Release|Any CPU
	EndGlobalSection
EndGlobal
